// !$*UTF8*$!
{
	archiveVersion = 1;
	classes = {
	};
	objectVersion = 50;
	objects = {

/* Begin PBXBuildFile section */
		D48A38CC2317072D00436E4C /* SearchableRecord.swift in Sources */ = {isa = PBXBuildFile; fileRef = D48A38CB2317072D00436E4C /* SearchableRecord.swift */; };
		D48A38CE23172DCE00436E4C /* PhotoSelectorViewController.swift in Sources */ = {isa = PBXBuildFile; fileRef = D48A38CD23172DCE00436E4C /* PhotoSelectorViewController.swift */; };
		D4BDCE0A2315BEC100F032F3 /* Main.storyboard in Resources */ = {isa = PBXBuildFile; fileRef = D4BDCE082315BEC100F032F3 /* Main.storyboard */; };
		D4BDCE0C2315BEC100F032F3 /* Assets.xcassets in Resources */ = {isa = PBXBuildFile; fileRef = D4BDCE0B2315BEC100F032F3 /* Assets.xcassets */; };
		D4BDCE0F2315BEC100F032F3 /* LaunchScreen.storyboard in Resources */ = {isa = PBXBuildFile; fileRef = D4BDCE0D2315BEC100F032F3 /* LaunchScreen.storyboard */; };
		D4BDCE1C2315C0E900F032F3 /* PostListTableViewController.swift in Sources */ = {isa = PBXBuildFile; fileRef = D4BDCE1B2315C0E900F032F3 /* PostListTableViewController.swift */; };
		D4BDCE202315C11700F032F3 /* AddPostTableViewController.swift in Sources */ = {isa = PBXBuildFile; fileRef = D4BDCE1F2315C11700F032F3 /* AddPostTableViewController.swift */; };
		D4BDCE222315C1CC00F032F3 /* PostDetailTableViewController.swift in Sources */ = {isa = PBXBuildFile; fileRef = D4BDCE212315C1CC00F032F3 /* PostDetailTableViewController.swift */; };
		D4BDCE242315C28500F032F3 /* Post.swift in Sources */ = {isa = PBXBuildFile; fileRef = D4BDCE232315C28500F032F3 /* Post.swift */; };
		D4BDCE262315C70500F032F3 /* Comment.swift in Sources */ = {isa = PBXBuildFile; fileRef = D4BDCE252315C70500F032F3 /* Comment.swift */; };
		D4BDCE282315C8E200F032F3 /* AppDelegate.swift in Sources */ = {isa = PBXBuildFile; fileRef = D4BDCE272315C8E200F032F3 /* AppDelegate.swift */; };
		D4BDCE2A2315C93C00F032F3 /* PostController.swift in Sources */ = {isa = PBXBuildFile; fileRef = D4BDCE292315C93C00F032F3 /* PostController.swift */; };
		D4BDCE2D2315CBDF00F032F3 /* PostTableViewCell.swift in Sources */ = {isa = PBXBuildFile; fileRef = D4BDCE2C2315CBDF00F032F3 /* PostTableViewCell.swift */; };
		D4BDCE312315DCC600F032F3 /* DateHelper.swift in Sources */ = {isa = PBXBuildFile; fileRef = D4BDCE302315DCC600F032F3 /* DateHelper.swift */; };
/* End PBXBuildFile section */

/* Begin PBXFileReference section */
		D48A38CB2317072D00436E4C /* SearchableRecord.swift */ = {isa = PBXFileReference; lastKnownFileType = sourcecode.swift; path = SearchableRecord.swift; sourceTree = "<group>"; };
		D48A38CD23172DCE00436E4C /* PhotoSelectorViewController.swift */ = {isa = PBXFileReference; lastKnownFileType = sourcecode.swift; path = PhotoSelectorViewController.swift; sourceTree = "<group>"; };
		D4BDCE012315BEC100F032F3 /* Continuum.app */ = {isa = PBXFileReference; explicitFileType = wrapper.application; includeInIndex = 0; path = Continuum.app; sourceTree = BUILT_PRODUCTS_DIR; };
		D4BDCE092315BEC100F032F3 /* Base */ = {isa = PBXFileReference; lastKnownFileType = file.storyboard; name = Base; path = Base.lproj/Main.storyboard; sourceTree = "<group>"; };
		D4BDCE0B2315BEC100F032F3 /* Assets.xcassets */ = {isa = PBXFileReference; lastKnownFileType = folder.assetcatalog; path = Assets.xcassets; sourceTree = "<group>"; };
		D4BDCE0E2315BEC100F032F3 /* Base */ = {isa = PBXFileReference; lastKnownFileType = file.storyboard; name = Base; path = Base.lproj/LaunchScreen.storyboard; sourceTree = "<group>"; };
		D4BDCE102315BEC100F032F3 /* Info.plist */ = {isa = PBXFileReference; lastKnownFileType = text.plist.xml; path = Info.plist; sourceTree = "<group>"; };
		D4BDCE1B2315C0E900F032F3 /* PostListTableViewController.swift */ = {isa = PBXFileReference; lastKnownFileType = sourcecode.swift; path = PostListTableViewController.swift; sourceTree = "<group>"; };
		D4BDCE1F2315C11700F032F3 /* AddPostTableViewController.swift */ = {isa = PBXFileReference; lastKnownFileType = sourcecode.swift; path = AddPostTableViewController.swift; sourceTree = "<group>"; };
		D4BDCE212315C1CC00F032F3 /* PostDetailTableViewController.swift */ = {isa = PBXFileReference; lastKnownFileType = sourcecode.swift; path = PostDetailTableViewController.swift; sourceTree = "<group>"; };
		D4BDCE232315C28500F032F3 /* Post.swift */ = {isa = PBXFileReference; lastKnownFileType = sourcecode.swift; path = Post.swift; sourceTree = "<group>"; };
		D4BDCE252315C70500F032F3 /* Comment.swift */ = {isa = PBXFileReference; lastKnownFileType = sourcecode.swift; path = Comment.swift; sourceTree = "<group>"; };
		D4BDCE272315C8E200F032F3 /* AppDelegate.swift */ = {isa = PBXFileReference; fileEncoding = 4; lastKnownFileType = sourcecode.swift; path = AppDelegate.swift; sourceTree = "<group>"; };
		D4BDCE292315C93C00F032F3 /* PostController.swift */ = {isa = PBXFileReference; lastKnownFileType = sourcecode.swift; path = PostController.swift; sourceTree = "<group>"; };
		D4BDCE2C2315CBDF00F032F3 /* PostTableViewCell.swift */ = {isa = PBXFileReference; lastKnownFileType = sourcecode.swift; path = PostTableViewCell.swift; sourceTree = "<group>"; };
		D4BDCE302315DCC600F032F3 /* DateHelper.swift */ = {isa = PBXFileReference; lastKnownFileType = sourcecode.swift; path = DateHelper.swift; sourceTree = "<group>"; };
/* End PBXFileReference section */

/* Begin PBXFrameworksBuildPhase section */
		D4BDCDFE2315BEC100F032F3 /* Frameworks */ = {
			isa = PBXFrameworksBuildPhase;
			buildActionMask = 2147483647;
			files = (
			);
			runOnlyForDeploymentPostprocessing = 0;
		};
/* End PBXFrameworksBuildPhase section */

/* Begin PBXGroup section */
		D4BDCDF82315BEC100F032F3 = {
			isa = PBXGroup;
			children = (
				D4BDCE032315BEC100F032F3 /* Continuum */,
				D4BDCE022315BEC100F032F3 /* Products */,
			);
			sourceTree = "<group>";
		};
		D4BDCE022315BEC100F032F3 /* Products */ = {
			isa = PBXGroup;
			children = (
				D4BDCE012315BEC100F032F3 /* Continuum.app */,
			);
			name = Products;
			sourceTree = "<group>";
		};
		D4BDCE032315BEC100F032F3 /* Continuum */ = {
			isa = PBXGroup;
			children = (
				D4BDCE2E2315DCAF00F032F3 /* Helpers */,
				D4BDCE1A2315BF0300F032F3 /* Storyboards */,
				D4BDCE192315BEF900F032F3 /* Models */,
				D4BDCE182315BEF100F032F3 /* Model Controllers */,
				D4BDCE172315BEE700F032F3 /* View Controllers */,
				D4BDCE2B2315CBC300F032F3 /* Views */,
				D4BDCE162315BED600F032F3 /* Resources */,
			);
			path = Continuum;
			sourceTree = "<group>";
		};
		D4BDCE162315BED600F032F3 /* Resources */ = {
			isa = PBXGroup;
			children = (
				D4BDCE272315C8E200F032F3 /* AppDelegate.swift */,
				D4BDCE0B2315BEC100F032F3 /* Assets.xcassets */,
				D4BDCE0D2315BEC100F032F3 /* LaunchScreen.storyboard */,
				D4BDCE102315BEC100F032F3 /* Info.plist */,
			);
			path = Resources;
			sourceTree = "<group>";
		};
		D4BDCE172315BEE700F032F3 /* View Controllers */ = {
			isa = PBXGroup;
			children = (
				D4BDCE1B2315C0E900F032F3 /* PostListTableViewController.swift */,
				D4BDCE1F2315C11700F032F3 /* AddPostTableViewController.swift */,
				D4BDCE212315C1CC00F032F3 /* PostDetailTableViewController.swift */,
				D48A38CD23172DCE00436E4C /* PhotoSelectorViewController.swift */,
			);
			path = "View Controllers";
			sourceTree = "<group>";
		};
		D4BDCE182315BEF100F032F3 /* Model Controllers */ = {
			isa = PBXGroup;
			children = (
				D4BDCE292315C93C00F032F3 /* PostController.swift */,
			);
			path = "Model Controllers";
			sourceTree = "<group>";
		};
		D4BDCE192315BEF900F032F3 /* Models */ = {
			isa = PBXGroup;
			children = (
				D4BDCE232315C28500F032F3 /* Post.swift */,
				D4BDCE252315C70500F032F3 /* Comment.swift */,
			);
			path = Models;
			sourceTree = "<group>";
		};
		D4BDCE1A2315BF0300F032F3 /* Storyboards */ = {
			isa = PBXGroup;
			children = (
				D4BDCE082315BEC100F032F3 /* Main.storyboard */,
			);
			path = Storyboards;
			sourceTree = "<group>";
		};
		D4BDCE2B2315CBC300F032F3 /* Views */ = {
			isa = PBXGroup;
			children = (
				D4BDCE2C2315CBDF00F032F3 /* PostTableViewCell.swift */,
			);
			path = Views;
			sourceTree = "<group>";
		};
		D4BDCE2E2315DCAF00F032F3 /* Helpers */ = {
			isa = PBXGroup;
			children = (
				D4BDCE302315DCC600F032F3 /* DateHelper.swift */,
				D48A38CB2317072D00436E4C /* SearchableRecord.swift */,
			);
			path = Helpers;
			sourceTree = "<group>";
		};
/* End PBXGroup section */

/* Begin PBXNativeTarget section */
		D4BDCE002315BEC100F032F3 /* Continuum */ = {
			isa = PBXNativeTarget;
			buildConfigurationList = D4BDCE132315BEC100F032F3 /* Build configuration list for PBXNativeTarget "Continuum" */;
			buildPhases = (
				D4BDCDFD2315BEC100F032F3 /* Sources */,
				D4BDCDFE2315BEC100F032F3 /* Frameworks */,
				D4BDCDFF2315BEC100F032F3 /* Resources */,
			);
			buildRules = (
			);
			dependencies = (
			);
			name = Continuum;
			productName = Continuum;
			productReference = D4BDCE012315BEC100F032F3 /* Continuum.app */;
			productType = "com.apple.product-type.application";
		};
/* End PBXNativeTarget section */

/* Begin PBXProject section */
		D4BDCDF92315BEC100F032F3 /* Project object */ = {
			isa = PBXProject;
			attributes = {
				LastSwiftUpdateCheck = 1030;
				LastUpgradeCheck = 1030;
				ORGANIZATIONNAME = Apps;
				TargetAttributes = {
					D4BDCE002315BEC100F032F3 = {
						CreatedOnToolsVersion = 10.3;
					};
				};
			};
			buildConfigurationList = D4BDCDFC2315BEC100F032F3 /* Build configuration list for PBXProject "Continuum" */;
			compatibilityVersion = "Xcode 9.3";
			developmentRegion = en;
			hasScannedForEncodings = 0;
			knownRegions = (
				en,
				Base,
			);
			mainGroup = D4BDCDF82315BEC100F032F3;
			productRefGroup = D4BDCE022315BEC100F032F3 /* Products */;
			projectDirPath = "";
			projectRoot = "";
			targets = (
				D4BDCE002315BEC100F032F3 /* Continuum */,
			);
		};
/* End PBXProject section */

/* Begin PBXResourcesBuildPhase section */
		D4BDCDFF2315BEC100F032F3 /* Resources */ = {
			isa = PBXResourcesBuildPhase;
			buildActionMask = 2147483647;
			files = (
				D4BDCE0F2315BEC100F032F3 /* LaunchScreen.storyboard in Resources */,
				D4BDCE0C2315BEC100F032F3 /* Assets.xcassets in Resources */,
				D4BDCE0A2315BEC100F032F3 /* Main.storyboard in Resources */,
			);
			runOnlyForDeploymentPostprocessing = 0;
		};
/* End PBXResourcesBuildPhase section */

/* Begin PBXSourcesBuildPhase section */
		D4BDCDFD2315BEC100F032F3 /* Sources */ = {
			isa = PBXSourcesBuildPhase;
			buildActionMask = 2147483647;
			files = (
				D48A38CC2317072D00436E4C /* SearchableRecord.swift in Sources */,
				D4BDCE262315C70500F032F3 /* Comment.swift in Sources */,
				D48A38CE23172DCE00436E4C /* PhotoSelectorViewController.swift in Sources */,
				D4BDCE202315C11700F032F3 /* AddPostTableViewController.swift in Sources */,
				D4BDCE222315C1CC00F032F3 /* PostDetailTableViewController.swift in Sources */,
				D4BDCE2D2315CBDF00F032F3 /* PostTableViewCell.swift in Sources */,
				D4BDCE282315C8E200F032F3 /* AppDelegate.swift in Sources */,
				D4BDCE2A2315C93C00F032F3 /* PostController.swift in Sources */,
				D4BDCE312315DCC600F032F3 /* DateHelper.swift in Sources */,
				D4BDCE1C2315C0E900F032F3 /* PostListTableViewController.swift in Sources */,
				D4BDCE242315C28500F032F3 /* Post.swift in Sources */,
			);
			runOnlyForDeploymentPostprocessing = 0;
		};
/* End PBXSourcesBuildPhase section */

/* Begin PBXVariantGroup section */
		D4BDCE082315BEC100F032F3 /* Main.storyboard */ = {
			isa = PBXVariantGroup;
			children = (
				D4BDCE092315BEC100F032F3 /* Base */,
			);
			name = Main.storyboard;
			sourceTree = "<group>";
		};
		D4BDCE0D2315BEC100F032F3 /* LaunchScreen.storyboard */ = {
			isa = PBXVariantGroup;
			children = (
				D4BDCE0E2315BEC100F032F3 /* Base */,
			);
			name = LaunchScreen.storyboard;
			sourceTree = "<group>";
		};
/* End PBXVariantGroup section */

/* Begin XCBuildConfiguration section */
		D4BDCE112315BEC100F032F3 /* Debug */ = {
			isa = XCBuildConfiguration;
			buildSettings = {
				ALWAYS_SEARCH_USER_PATHS = NO;
				CLANG_ANALYZER_NONNULL = YES;
				CLANG_ANALYZER_NUMBER_OBJECT_CONVERSION = YES_AGGRESSIVE;
				CLANG_CXX_LANGUAGE_STANDARD = "gnu++14";
				CLANG_CXX_LIBRARY = "libc++";
				CLANG_ENABLE_MODULES = YES;
				CLANG_ENABLE_OBJC_ARC = YES;
				CLANG_ENABLE_OBJC_WEAK = YES;
				CLANG_WARN_BLOCK_CAPTURE_AUTORELEASING = YES;
				CLANG_WARN_BOOL_CONVERSION = YES;
				CLANG_WARN_COMMA = YES;
				CLANG_WARN_CONSTANT_CONVERSION = YES;
				CLANG_WARN_DEPRECATED_OBJC_IMPLEMENTATIONS = YES;
				CLANG_WARN_DIRECT_OBJC_ISA_USAGE = YES_ERROR;
				CLANG_WARN_DOCUMENTATION_COMMENTS = YES;
				CLANG_WARN_EMPTY_BODY = YES;
				CLANG_WARN_ENUM_CONVERSION = YES;
				CLANG_WARN_INFINITE_RECURSION = YES;
				CLANG_WARN_INT_CONVERSION = YES;
				CLANG_WARN_NON_LITERAL_NULL_CONVERSION = YES;
				CLANG_WARN_OBJC_IMPLICIT_RETAIN_SELF = YES;
				CLANG_WARN_OBJC_LITERAL_CONVERSION = YES;
				CLANG_WARN_OBJC_ROOT_CLASS = YES_ERROR;
				CLANG_WARN_RANGE_LOOP_ANALYSIS = YES;
				CLANG_WARN_STRICT_PROTOTYPES = YES;
				CLANG_WARN_SUSPICIOUS_MOVE = YES;
				CLANG_WARN_UNGUARDED_AVAILABILITY = YES_AGGRESSIVE;
				CLANG_WARN_UNREACHABLE_CODE = YES;
				CLANG_WARN__DUPLICATE_METHOD_MATCH = YES;
				CODE_SIGN_IDENTITY = "iPhone Developer";
				COPY_PHASE_STRIP = NO;
				DEBUG_INFORMATION_FORMAT = dwarf;
				ENABLE_STRICT_OBJC_MSGSEND = YES;
				ENABLE_TESTABILITY = YES;
				GCC_C_LANGUAGE_STANDARD = gnu11;
				GCC_DYNAMIC_NO_PIC = NO;
				GCC_NO_COMMON_BLOCKS = YES;
				GCC_OPTIMIZATION_LEVEL = 0;
				GCC_PREPROCESSOR_DEFINITIONS = (
					"DEBUG=1",
					"$(inherited)",
				);
				GCC_WARN_64_TO_32_BIT_CONVERSION = YES;
				GCC_WARN_ABOUT_RETURN_TYPE = YES_ERROR;
				GCC_WARN_UNDECLARED_SELECTOR = YES;
				GCC_WARN_UNINITIALIZED_AUTOS = YES_AGGRESSIVE;
				GCC_WARN_UNUSED_FUNCTION = YES;
				GCC_WARN_UNUSED_VARIABLE = YES;
				IPHONEOS_DEPLOYMENT_TARGET = 12.4;
				MTL_ENABLE_DEBUG_INFO = INCLUDE_SOURCE;
				MTL_FAST_MATH = YES;
				ONLY_ACTIVE_ARCH = YES;
				SDKROOT = iphoneos;
				SWIFT_ACTIVE_COMPILATION_CONDITIONS = DEBUG;
				SWIFT_OPTIMIZATION_LEVEL = "-Onone";
			};
			name = Debug;
		};
		D4BDCE122315BEC100F032F3 /* Release */ = {
			isa = XCBuildConfiguration;
			buildSettings = {
				ALWAYS_SEARCH_USER_PATHS = NO;
				CLANG_ANALYZER_NONNULL = YES;
				CLANG_ANALYZER_NUMBER_OBJECT_CONVERSION = YES_AGGRESSIVE;
				CLANG_CXX_LANGUAGE_STANDARD = "gnu++14";
				CLANG_CXX_LIBRARY = "libc++";
				CLANG_ENABLE_MODULES = YES;
				CLANG_ENABLE_OBJC_ARC = YES;
				CLANG_ENABLE_OBJC_WEAK = YES;
				CLANG_WARN_BLOCK_CAPTURE_AUTORELEASING = YES;
				CLANG_WARN_BOOL_CONVERSION = YES;
				CLANG_WARN_COMMA = YES;
				CLANG_WARN_CONSTANT_CONVERSION = YES;
				CLANG_WARN_DEPRECATED_OBJC_IMPLEMENTATIONS = YES;
				CLANG_WARN_DIRECT_OBJC_ISA_USAGE = YES_ERROR;
				CLANG_WARN_DOCUMENTATION_COMMENTS = YES;
				CLANG_WARN_EMPTY_BODY = YES;
				CLANG_WARN_ENUM_CONVERSION = YES;
				CLANG_WARN_INFINITE_RECURSION = YES;
				CLANG_WARN_INT_CONVERSION = YES;
				CLANG_WARN_NON_LITERAL_NULL_CONVERSION = YES;
				CLANG_WARN_OBJC_IMPLICIT_RETAIN_SELF = YES;
				CLANG_WARN_OBJC_LITERAL_CONVERSION = YES;
				CLANG_WARN_OBJC_ROOT_CLASS = YES_ERROR;
				CLANG_WARN_RANGE_LOOP_ANALYSIS = YES;
				CLANG_WARN_STRICT_PROTOTYPES = YES;
				CLANG_WARN_SUSPICIOUS_MOVE = YES;
				CLANG_WARN_UNGUARDED_AVAILABILITY = YES_AGGRESSIVE;
				CLANG_WARN_UNREACHABLE_CODE = YES;
				CLANG_WARN__DUPLICATE_METHOD_MATCH = YES;
				CODE_SIGN_IDENTITY = "iPhone Developer";
				COPY_PHASE_STRIP = NO;
				DEBUG_INFORMATION_FORMAT = "dwarf-with-dsym";
				ENABLE_NS_ASSERTIONS = NO;
				ENABLE_STRICT_OBJC_MSGSEND = YES;
				GCC_C_LANGUAGE_STANDARD = gnu11;
				GCC_NO_COMMON_BLOCKS = YES;
				GCC_WARN_64_TO_32_BIT_CONVERSION = YES;
				GCC_WARN_ABOUT_RETURN_TYPE = YES_ERROR;
				GCC_WARN_UNDECLARED_SELECTOR = YES;
				GCC_WARN_UNINITIALIZED_AUTOS = YES_AGGRESSIVE;
				GCC_WARN_UNUSED_FUNCTION = YES;
				GCC_WARN_UNUSED_VARIABLE = YES;
				IPHONEOS_DEPLOYMENT_TARGET = 12.4;
				MTL_ENABLE_DEBUG_INFO = NO;
				MTL_FAST_MATH = YES;
				SDKROOT = iphoneos;
				SWIFT_COMPILATION_MODE = wholemodule;
				SWIFT_OPTIMIZATION_LEVEL = "-O";
				VALIDATE_PRODUCT = YES;
			};
			name = Release;
		};
		D4BDCE142315BEC100F032F3 /* Debug */ = {
			isa = XCBuildConfiguration;
			buildSettings = {
				ASSETCATALOG_COMPILER_APPICON_NAME = AppIcon;
				CODE_SIGN_STYLE = Automatic;
				DEVELOPMENT_TEAM = KMTDCPCY5V;
				INFOPLIST_FILE = "$(SRCROOT)/Continuum/Resources/Info.plist";
				LD_RUNPATH_SEARCH_PATHS = (
					"$(inherited)",
					"@executable_path/Frameworks",
				);
				PRODUCT_BUNDLE_IDENTIFIER = com.CameronStuart.Continuum;
				PRODUCT_NAME = "$(TARGET_NAME)";
				SWIFT_VERSION = 5.0;
				TARGETED_DEVICE_FAMILY = "1,2";
			};
			name = Debug;
		};
		D4BDCE152315BEC100F032F3 /* Release */ = {
			isa = XCBuildConfiguration;
			buildSettings = {
				ASSETCATALOG_COMPILER_APPICON_NAME = AppIcon;
				CODE_SIGN_STYLE = Automatic;
				DEVELOPMENT_TEAM = KMTDCPCY5V;
				INFOPLIST_FILE = "$(SRCROOT)/Continuum/Resources/Info.plist";
				LD_RUNPATH_SEARCH_PATHS = (
					"$(inherited)",
					"@executable_path/Frameworks",
				);
				PRODUCT_BUNDLE_IDENTIFIER = com.CameronStuart.Continuum;
				PRODUCT_NAME = "$(TARGET_NAME)";
				SWIFT_VERSION = 5.0;
				TARGETED_DEVICE_FAMILY = "1,2";
			};
			name = Release;
		};
/* End XCBuildConfiguration section */

/* Begin XCConfigurationList section */
		D4BDCDFC2315BEC100F032F3 /* Build configuration list for PBXProject "Continuum" */ = {
			isa = XCConfigurationList;
			buildConfigurations = (
				D4BDCE112315BEC100F032F3 /* Debug */,
				D4BDCE122315BEC100F032F3 /* Release */,
			);
			defaultConfigurationIsVisible = 0;
			defaultConfigurationName = Release;
		};
		D4BDCE132315BEC100F032F3 /* Build configuration list for PBXNativeTarget "Continuum" */ = {
			isa = XCConfigurationList;
			buildConfigurations = (
				D4BDCE142315BEC100F032F3 /* Debug */,
				D4BDCE152315BEC100F032F3 /* Release */,
			);
			defaultConfigurationIsVisible = 0;
			defaultConfigurationName = Release;
		};
/* End XCConfigurationList section */
	};
	rootObject = D4BDCDF92315BEC100F032F3 /* Project object */;
}
